
Microsoft Visual Studio Solution File, Format Version 12.00
# Visual Studio Version 17
VisualStudioVersion = 17.2.32526.322
MinimumVisualStudioVersion = 10.0.40219.1
Project("{FAE04EC0-301F-11D3-BF4B-00C04F79EFBC}") = "GUI", "KtraTH\GUI.csproj", "{4F4631FD-E888-4F8E-9CD0-C27E971CF31C}"
EndProject
Project("{FAE04EC0-301F-11D3-BF4B-00C04F79EFBC}") = "BUS", "BUS\BUS.csproj", "{C4CBDD13-53D6-46D1-BB1A-B839123D4677}"
EndProject
Project("{FAE04EC0-301F-11D3-BF4B-00C04F79EFBC}") = "DAL", "DAL\DAL.csproj", "{542CBF78-A24E-4525-90B7-918A3381D081}"
EndProject
Global
	GlobalSection(SolutionConfigurationPlatforms) = preSolution
		Debug|Any CPU = Debug|Any CPU
		Release|Any CPU = Release|Any CPU
	EndGlobalSection
	GlobalSection(ProjectConfigurationPlatforms) = postSolution
		{4F4631FD-E888-4F8E-9CD0-C27E971CF31C}.Debug|Any CPU.ActiveCfg = Debug|Any CPU
		{4F4631FD-E888-4F8E-9CD0-C27E971CF31C}.Debug|Any CPU.Build.0 = Debug|Any CPU
		{4F4631FD-E888-4F8E-9CD0-C27E971CF31C}.Release|Any CPU.ActiveCfg = Release|Any CPU
		{4F4631FD-E888-4F8E-9CD0-C27E971CF31C}.Release|Any CPU.Build.0 = Release|Any CPU
		{C4CBDD13-53D6-46D1-BB1A-B839123D4677}.Debug|Any CPU.ActiveCfg = Debug|Any CPU
		{C4CBDD13-53D6-46D1-BB1A-B839123D4677}.Debug|Any CPU.Build.0 = Debug|Any CPU
		{C4CBDD13-53D6-46D1-BB1A-B839123D4677}.Release|Any CPU.ActiveCfg = Release|Any CPU
		{C4CBDD13-53D6-46D1-BB1A-B839123D4677}.Release|Any CPU.Build.0 = Release|Any CPU
		{542CBF78-A24E-4525-90B7-918A3381D081}.Debug|Any CPU.ActiveCfg = Debug|Any CPU
		{542CBF78-A24E-4525-90B7-918A3381D081}.Debug|Any CPU.Build.0 = Debug|Any CPU
		{542CBF78-A24E-4525-90B7-918A3381D081}.Release|Any CPU.ActiveCfg = Release|Any CPU
		{542CBF78-A24E-4525-90B7-918A3381D081}.Release|Any CPU.Build.0 = Release|Any CPU
	EndGlobalSection
	GlobalSection(SolutionProperties) = preSolution
		HideSolutionNode = FALSE
	EndGlobalSection
	GlobalSection(ExtensibilityGlobals) = postSolution
		SolutionGuid = {83E3E641-8C94-4394-A49E-1A4FCC1F6B6A}
	EndGlobalSection
EndGlobal
